<?xml version="1.0" encoding="utf-8"?>
<Project ToolsVersion="4.0" xmlns="http://schemas.microsoft.com/developer/msbuild/2003">
  <ItemGroup>
    <ClCompile Include="formationclose.cpp" />
    <ClCompile Include="stdafx.cpp" />
    <ClCompile Include="..\ai\zealot.cpp">
      <Filter>ai</Filter>
    </ClCompile>
    <ClCompile Include="..\ai\zealotbrain.cpp">
      <Filter>ai</Filter>
    </ClCompile>
    <ClCompile Include="..\ai\zealotgroup.cpp">
      <Filter>ai</Filter>
    </ClCompile>
    <ClCompile Include="..\ai\aiglobal.cpp">
      <Filter>ai</Filter>
    </ClCompile>
    <ClCompile Include="..\ai\formation.cpp">
      <Filter>ai</Filter>
    </ClCompile>
  </ItemGroup>
  <ItemGroup>
    <ClInclude Include="stdafx.h" />
    <ClInclude Include="formationclose.h" />
    <ClInclude Include="..\ai\zealot.h">
      <Filter>ai</Filter>
    </ClInclude>
    <ClInclude Include="..\ai\zealotbrain.h">
      <Filter>ai</Filter>
    </ClInclude>
    <ClInclude Include="..\ai\zealotgroup.h">
      <Filter>ai</Filter>
    </ClInclude>
    <ClInclude Include="..\ai\define.h">
      <Filter>ai</Filter>
    </ClInclude>
    <ClInclude Include="..\ai\aiglobal.h">
      <Filter>ai</Filter>
    </ClInclude>
    <ClInclude Include="..\ai\attack.h">
      <Filter>ai</Filter>
    </ClInclude>
    <ClInclude Include="..\ai\move2.h">
      <Filter>ai</Filter>
    </ClInclude>
    <ClInclude Include="..\ai\patrol.h">
      <Filter>ai</Filter>
    </ClInclude>
    <ClInclude Include="..\ai\formationmove.h">
      <Filter>ai</Filter>
    </ClInclude>
    <ClInclude Include="..\ai\formation.h">
      <Filter>ai</Filter>
    </ClInclude>
    <ClInclude Include="..\ai\unitmove.h">
      <Filter>ai</Filter>
    </ClInclude>
    <ClInclude Include="..\ai\unitmove2.h">
      <Filter>ai</Filter>
    </ClInclude>
    <ClInclude Include="..\ai\groupmove.h">
      <Filter>ai</Filter>
    </ClInclude>
    <ClInclude Include="..\ai\unitaction.h">
      <Filter>ai</Filter>
    </ClInclude>
    <ClInclude Include="..\ai\unitsidemove.h">
      <Filter>ai</Filter>
    </ClInclude>
  </ItemGroup>
  <ItemGroup>
    <Filter Include="ai">
      <UniqueIdentifier>{907171d8-faee-4b91-b5dc-522eda4cd952}</UniqueIdentifier>
    </Filter>
  </ItemGroup>
</Project>